PODS:
  - Alamofire (5.4.1)
  - ObjectMapper (4.2.0)
  - PromiseKit (6.13.1):
    - PromiseKit/CorePromise (= 6.13.1)
    - PromiseKit/Foundation (= 6.13.1)
    - PromiseKit/UIKit (= 6.13.1)
  - PromiseKit/CorePromise (6.13.1)
  - PromiseKit/Foundation (6.13.1):
    - PromiseKit/CorePromise
  - PromiseKit/UIKit (6.13.1):
    - PromiseKit/CorePromise

DEPENDENCIES:
  - Alamofire (= 5.4.1)
  - ObjectMapper (= 4.2.0)
  - PromiseKit (= 6.13.1)

SPEC REPOS:
  trunk:
    - Alamofire
    - ObjectMapper
    - PromiseKit

SPEC CHECKSUMS:
  Alamofire: 2291f7d21ca607c491dd17642e5d40fdcda0e65c
  ObjectMapper: 1eb41f610210777375fa806bf161dc39fb832b81
  PromiseKit: 28fda91c973cc377875d8c0ea4f973013c05b6db

PODFILE CHECKSUM: cc38cf571db0205d54ae32c950ae0cc9ba862bec

COCOAPODS: 1.10.1
