// !$*UTF8*$!
{
	archiveVersion = 1;
	classes = {
	};
	objectVersion = 51;
	objects = {

/* Begin PBXBuildFile section */
		60238D6D2602B65000877DD2 /* Card.swift in Sources */ = {isa = PBXBuildFile; fileRef = 60238D6C2602B65000877DD2 /* Card.swift */; };
		605D83AC2603C71C007CC436 /* MagicNetworkProvider.swift in Sources */ = {isa = PBXBuildFile; fileRef = 605D83AB2603C71C007CC436 /* MagicNetworkProvider.swift */; };
		605D83B22603CA10007CC436 /* NetworkConstants.swift in Sources */ = {isa = PBXBuildFile; fileRef = 605D83B12603CA10007CC436 /* NetworkConstants.swift */; };
		605D83B62603CA84007CC436 /* BaseNetworkProvider.swift in Sources */ = {isa = PBXBuildFile; fileRef = 605D83B52603CA84007CC436 /* BaseNetworkProvider.swift */; };
		60A008EF25FD5EAE00A2941E /* AppDelegate.swift in Sources */ = {isa = PBXBuildFile; fileRef = 60A008EE25FD5EAE00A2941E /* AppDelegate.swift */; };
		60A008F125FD5EAE00A2941E /* SceneDelegate.swift in Sources */ = {isa = PBXBuildFile; fileRef = 60A008F025FD5EAE00A2941E /* SceneDelegate.swift */; };
		60A008F325FD5EAE00A2941E /* ViewController.swift in Sources */ = {isa = PBXBuildFile; fileRef = 60A008F225FD5EAE00A2941E /* ViewController.swift */; };
		60A008F625FD5EAE00A2941E /* Main.storyboard in Resources */ = {isa = PBXBuildFile; fileRef = 60A008F425FD5EAE00A2941E /* Main.storyboard */; };
		60A008F825FD5EAF00A2941E /* Assets.xcassets in Resources */ = {isa = PBXBuildFile; fileRef = 60A008F725FD5EAF00A2941E /* Assets.xcassets */; };
		60A008FB25FD5EAF00A2941E /* LaunchScreen.storyboard in Resources */ = {isa = PBXBuildFile; fileRef = 60A008F925FD5EAF00A2941E /* LaunchScreen.storyboard */; };
		60A0090625FD5EB000A2941E /* MagicTheGatheringTests.swift in Sources */ = {isa = PBXBuildFile; fileRef = 60A0090525FD5EB000A2941E /* MagicTheGatheringTests.swift */; };
		60DC59332607CF2600CBA12A /* CardsListContract.swift in Sources */ = {isa = PBXBuildFile; fileRef = 60DC592B2607CF2600CBA12A /* CardsListContract.swift */; };
		60DC59342607CF2600CBA12A /* CardsListPresenter.swift in Sources */ = {isa = PBXBuildFile; fileRef = 60DC592C2607CF2600CBA12A /* CardsListPresenter.swift */; };
		60DC59352607CF2600CBA12A /* CardsListBuilder.swift in Sources */ = {isa = PBXBuildFile; fileRef = 60DC592D2607CF2600CBA12A /* CardsListBuilder.swift */; };
		60DC59362607CF2600CBA12A /* CardsListInteractor.swift in Sources */ = {isa = PBXBuildFile; fileRef = 60DC592E2607CF2600CBA12A /* CardsListInteractor.swift */; };
		60DC59372607CF2600CBA12A /* CardsListView.swift in Sources */ = {isa = PBXBuildFile; fileRef = 60DC592F2607CF2600CBA12A /* CardsListView.swift */; };
		60DC59382607CF2600CBA12A /* CardsListView.xib in Resources */ = {isa = PBXBuildFile; fileRef = 60DC59302607CF2600CBA12A /* CardsListView.xib */; };
		60DC59392607CF2600CBA12A /* CardsListEntity.swift in Sources */ = {isa = PBXBuildFile; fileRef = 60DC59312607CF2600CBA12A /* CardsListEntity.swift */; };
		60DC593A2607CF2600CBA12A /* CardsListWireframe.swift in Sources */ = {isa = PBXBuildFile; fileRef = 60DC59322607CF2600CBA12A /* CardsListWireframe.swift */; };
		60DC59582607D05500CBA12A /* BasePresenter.swift in Sources */ = {isa = PBXBuildFile; fileRef = 60DC59572607D05500CBA12A /* BasePresenter.swift */; };
		60DC595F2607D06000CBA12A /* BaseInteractor.swift in Sources */ = {isa = PBXBuildFile; fileRef = 60DC595B2607D06000CBA12A /* BaseInteractor.swift */; };
		60DC59602607D06000CBA12A /* BaseEntity.swift in Sources */ = {isa = PBXBuildFile; fileRef = 60DC595C2607D06000CBA12A /* BaseEntity.swift */; };
		60DC59612607D06000CBA12A /* BaseWireframe.swift in Sources */ = {isa = PBXBuildFile; fileRef = 60DC595D2607D06000CBA12A /* BaseWireframe.swift */; };
		60DC59622607D06000CBA12A /* BaseViewController.swift in Sources */ = {isa = PBXBuildFile; fileRef = 60DC595E2607D06000CBA12A /* BaseViewController.swift */; };
		60DC59692607D44D00CBA12A /* UIViewControllerExtension.swift in Sources */ = {isa = PBXBuildFile; fileRef = 60DC59682607D44D00CBA12A /* UIViewControllerExtension.swift */; };
		60E6EFDC260003C900C884A8 /* Environment.swift in Sources */ = {isa = PBXBuildFile; fileRef = 60E6EFDB260003C900C884A8 /* Environment.swift */; };
		6C1B8284A67AC6B0597B385D /* Pods_MagicTheGatheringTests.framework in Frameworks */ = {isa = PBXBuildFile; fileRef = 5AD9189E817E2483D3414D07 /* Pods_MagicTheGatheringTests.framework */; };
		7B73BA6C97777621FBB439E9 /* Pods_MagicTheGathering.framework in Frameworks */ = {isa = PBXBuildFile; fileRef = FE18737FFE4AC11B8C46C736 /* Pods_MagicTheGathering.framework */; };
/* End PBXBuildFile section */

/* Begin PBXContainerItemProxy section */
		60A0090225FD5EB000A2941E /* PBXContainerItemProxy */ = {
			isa = PBXContainerItemProxy;
			containerPortal = 60A008E325FD5EAE00A2941E /* Project object */;
			proxyType = 1;
			remoteGlobalIDString = 60A008EA25FD5EAE00A2941E;
			remoteInfo = "Magic: The Gathering";
		};
/* End PBXContainerItemProxy section */

/* Begin PBXFileReference section */
		2989097F7F719AD40E4E6791 /* Pods-MagicTheGatheringTests.release (production).xcconfig */ = {isa = PBXFileReference; includeInIndex = 1; lastKnownFileType = text.xcconfig; name = "Pods-MagicTheGatheringTests.release (production).xcconfig"; path = "Target Support Files/Pods-MagicTheGatheringTests/Pods-MagicTheGatheringTests.release (production).xcconfig"; sourceTree = "<group>"; };
		3B6C7650100463BDC67194FB /* Pods-MagicTheGathering.debug (production).xcconfig */ = {isa = PBXFileReference; includeInIndex = 1; lastKnownFileType = text.xcconfig; name = "Pods-MagicTheGathering.debug (production).xcconfig"; path = "Target Support Files/Pods-MagicTheGathering/Pods-MagicTheGathering.debug (production).xcconfig"; sourceTree = "<group>"; };
		413360A86AFA398A7089C43C /* Pods-MagicTheGatheringTests.release.xcconfig */ = {isa = PBXFileReference; includeInIndex = 1; lastKnownFileType = text.xcconfig; name = "Pods-MagicTheGatheringTests.release.xcconfig"; path = "Target Support Files/Pods-MagicTheGatheringTests/Pods-MagicTheGatheringTests.release.xcconfig"; sourceTree = "<group>"; };
		491E62CAFD8083AB7182CD56 /* Pods-MagicTheGatheringTests.debug (development).xcconfig */ = {isa = PBXFileReference; includeInIndex = 1; lastKnownFileType = text.xcconfig; name = "Pods-MagicTheGatheringTests.debug (development).xcconfig"; path = "Target Support Files/Pods-MagicTheGatheringTests/Pods-MagicTheGatheringTests.debug (development).xcconfig"; sourceTree = "<group>"; };
		4A3395ED4D37FFCE13AF91E9 /* Pods-MagicTheGatheringTests.release (development).xcconfig */ = {isa = PBXFileReference; includeInIndex = 1; lastKnownFileType = text.xcconfig; name = "Pods-MagicTheGatheringTests.release (development).xcconfig"; path = "Target Support Files/Pods-MagicTheGatheringTests/Pods-MagicTheGatheringTests.release (development).xcconfig"; sourceTree = "<group>"; };
		4A816390742070B113C601C7 /* Pods-MagicTheGatheringTests.debug.xcconfig */ = {isa = PBXFileReference; includeInIndex = 1; lastKnownFileType = text.xcconfig; name = "Pods-MagicTheGatheringTests.debug.xcconfig"; path = "Target Support Files/Pods-MagicTheGatheringTests/Pods-MagicTheGatheringTests.debug.xcconfig"; sourceTree = "<group>"; };
		556C816AD00E53BA4F9F76CF /* Pods-MagicTheGathering.debug.xcconfig */ = {isa = PBXFileReference; includeInIndex = 1; lastKnownFileType = text.xcconfig; name = "Pods-MagicTheGathering.debug.xcconfig"; path = "Target Support Files/Pods-MagicTheGathering/Pods-MagicTheGathering.debug.xcconfig"; sourceTree = "<group>"; };
		5AD9189E817E2483D3414D07 /* Pods_MagicTheGatheringTests.framework */ = {isa = PBXFileReference; explicitFileType = wrapper.framework; includeInIndex = 0; path = Pods_MagicTheGatheringTests.framework; sourceTree = BUILT_PRODUCTS_DIR; };
		60238D6C2602B65000877DD2 /* Card.swift */ = {isa = PBXFileReference; lastKnownFileType = sourcecode.swift; path = Card.swift; sourceTree = "<group>"; };
		605D83AB2603C71C007CC436 /* MagicNetworkProvider.swift */ = {isa = PBXFileReference; lastKnownFileType = sourcecode.swift; path = MagicNetworkProvider.swift; sourceTree = "<group>"; };
		605D83B12603CA10007CC436 /* NetworkConstants.swift */ = {isa = PBXFileReference; lastKnownFileType = sourcecode.swift; path = NetworkConstants.swift; sourceTree = "<group>"; };
		605D83B52603CA84007CC436 /* BaseNetworkProvider.swift */ = {isa = PBXFileReference; lastKnownFileType = sourcecode.swift; path = BaseNetworkProvider.swift; sourceTree = "<group>"; };
		60A008EB25FD5EAE00A2941E /* MagicTheGathering.app */ = {isa = PBXFileReference; explicitFileType = wrapper.application; includeInIndex = 0; path = MagicTheGathering.app; sourceTree = BUILT_PRODUCTS_DIR; };
		60A008EE25FD5EAE00A2941E /* AppDelegate.swift */ = {isa = PBXFileReference; lastKnownFileType = sourcecode.swift; path = AppDelegate.swift; sourceTree = "<group>"; };
		60A008F025FD5EAE00A2941E /* SceneDelegate.swift */ = {isa = PBXFileReference; lastKnownFileType = sourcecode.swift; path = SceneDelegate.swift; sourceTree = "<group>"; };
		60A008F225FD5EAE00A2941E /* ViewController.swift */ = {isa = PBXFileReference; lastKnownFileType = sourcecode.swift; path = ViewController.swift; sourceTree = "<group>"; };
		60A008F525FD5EAE00A2941E /* Base */ = {isa = PBXFileReference; lastKnownFileType = file.storyboard; name = Base; path = Base.lproj/Main.storyboard; sourceTree = "<group>"; };
		60A008F725FD5EAF00A2941E /* Assets.xcassets */ = {isa = PBXFileReference; lastKnownFileType = folder.assetcatalog; path = Assets.xcassets; sourceTree = "<group>"; };
		60A008FA25FD5EAF00A2941E /* Base */ = {isa = PBXFileReference; lastKnownFileType = file.storyboard; name = Base; path = Base.lproj/LaunchScreen.storyboard; sourceTree = "<group>"; };
		60A008FC25FD5EAF00A2941E /* Info.plist */ = {isa = PBXFileReference; lastKnownFileType = text.plist.xml; path = Info.plist; sourceTree = "<group>"; };
		60A0090125FD5EB000A2941E /* MagicTheGatheringTests.xctest */ = {isa = PBXFileReference; explicitFileType = wrapper.cfbundle; includeInIndex = 0; path = MagicTheGatheringTests.xctest; sourceTree = BUILT_PRODUCTS_DIR; };
		60A0090525FD5EB000A2941E /* MagicTheGatheringTests.swift */ = {isa = PBXFileReference; lastKnownFileType = sourcecode.swift; path = MagicTheGatheringTests.swift; sourceTree = "<group>"; };
		60A0090725FD5EB000A2941E /* Info.plist */ = {isa = PBXFileReference; lastKnownFileType = text.plist.xml; path = Info.plist; sourceTree = "<group>"; };
		60DC592B2607CF2600CBA12A /* CardsListContract.swift */ = {isa = PBXFileReference; lastKnownFileType = sourcecode.swift; path = CardsListContract.swift; sourceTree = "<group>"; };
		60DC592C2607CF2600CBA12A /* CardsListPresenter.swift */ = {isa = PBXFileReference; lastKnownFileType = sourcecode.swift; path = CardsListPresenter.swift; sourceTree = "<group>"; };
		60DC592D2607CF2600CBA12A /* CardsListBuilder.swift */ = {isa = PBXFileReference; lastKnownFileType = sourcecode.swift; path = CardsListBuilder.swift; sourceTree = "<group>"; };
		60DC592E2607CF2600CBA12A /* CardsListInteractor.swift */ = {isa = PBXFileReference; lastKnownFileType = sourcecode.swift; path = CardsListInteractor.swift; sourceTree = "<group>"; };
		60DC592F2607CF2600CBA12A /* CardsListView.swift */ = {isa = PBXFileReference; lastKnownFileType = sourcecode.swift; path = CardsListView.swift; sourceTree = "<group>"; };
		60DC59302607CF2600CBA12A /* CardsListView.xib */ = {isa = PBXFileReference; lastKnownFileType = file.xib; path = CardsListView.xib; sourceTree = "<group>"; };
		60DC59312607CF2600CBA12A /* CardsListEntity.swift */ = {isa = PBXFileReference; lastKnownFileType = sourcecode.swift; path = CardsListEntity.swift; sourceTree = "<group>"; };
		60DC59322607CF2600CBA12A /* CardsListWireframe.swift */ = {isa = PBXFileReference; lastKnownFileType = sourcecode.swift; path = CardsListWireframe.swift; sourceTree = "<group>"; };
		60DC59572607D05500CBA12A /* BasePresenter.swift */ = {isa = PBXFileReference; fileEncoding = 4; lastKnownFileType = sourcecode.swift; path = BasePresenter.swift; sourceTree = "<group>"; };
		60DC595B2607D06000CBA12A /* BaseInteractor.swift */ = {isa = PBXFileReference; fileEncoding = 4; lastKnownFileType = sourcecode.swift; path = BaseInteractor.swift; sourceTree = "<group>"; };
		60DC595C2607D06000CBA12A /* BaseEntity.swift */ = {isa = PBXFileReference; fileEncoding = 4; lastKnownFileType = sourcecode.swift; path = BaseEntity.swift; sourceTree = "<group>"; };
		60DC595D2607D06000CBA12A /* BaseWireframe.swift */ = {isa = PBXFileReference; fileEncoding = 4; lastKnownFileType = sourcecode.swift; path = BaseWireframe.swift; sourceTree = "<group>"; };
		60DC595E2607D06000CBA12A /* BaseViewController.swift */ = {isa = PBXFileReference; fileEncoding = 4; lastKnownFileType = sourcecode.swift; path = BaseViewController.swift; sourceTree = "<group>"; };
		60DC59682607D44D00CBA12A /* UIViewControllerExtension.swift */ = {isa = PBXFileReference; fileEncoding = 4; lastKnownFileType = sourcecode.swift; path = UIViewControllerExtension.swift; sourceTree = "<group>"; };
		60E6EFDB260003C900C884A8 /* Environment.swift */ = {isa = PBXFileReference; lastKnownFileType = sourcecode.swift; path = Environment.swift; sourceTree = "<group>"; };
		60F6FEB125FE9C680081CCA3 /* Development.xcconfig */ = {isa = PBXFileReference; lastKnownFileType = text.xcconfig; path = Development.xcconfig; sourceTree = "<group>"; };
		60F6FEB225FE9CD00081CCA3 /* Production.xcconfig */ = {isa = PBXFileReference; lastKnownFileType = text.xcconfig; path = Production.xcconfig; sourceTree = "<group>"; };
		B0936617083295DD7F5764D6 /* Pods-MagicTheGatheringTests.debug (production).xcconfig */ = {isa = PBXFileReference; includeInIndex = 1; lastKnownFileType = text.xcconfig; name = "Pods-MagicTheGatheringTests.debug (production).xcconfig"; path = "Target Support Files/Pods-MagicTheGatheringTests/Pods-MagicTheGatheringTests.debug (production).xcconfig"; sourceTree = "<group>"; };
		B2216D3DDF32DCE897A05234 /* Pods-MagicTheGathering.release (development).xcconfig */ = {isa = PBXFileReference; includeInIndex = 1; lastKnownFileType = text.xcconfig; name = "Pods-MagicTheGathering.release (development).xcconfig"; path = "Target Support Files/Pods-MagicTheGathering/Pods-MagicTheGathering.release (development).xcconfig"; sourceTree = "<group>"; };
		B9C1C0F5609E553E97E9EDD7 /* Pods-MagicTheGathering.release.xcconfig */ = {isa = PBXFileReference; includeInIndex = 1; lastKnownFileType = text.xcconfig; name = "Pods-MagicTheGathering.release.xcconfig"; path = "Target Support Files/Pods-MagicTheGathering/Pods-MagicTheGathering.release.xcconfig"; sourceTree = "<group>"; };
		D958CC4969E0D81E7479BC73 /* Pods-MagicTheGathering.debug (development).xcconfig */ = {isa = PBXFileReference; includeInIndex = 1; lastKnownFileType = text.xcconfig; name = "Pods-MagicTheGathering.debug (development).xcconfig"; path = "Target Support Files/Pods-MagicTheGathering/Pods-MagicTheGathering.debug (development).xcconfig"; sourceTree = "<group>"; };
		FCA380BBF4563C86CD81ACBB /* Pods-MagicTheGathering.release (production).xcconfig */ = {isa = PBXFileReference; includeInIndex = 1; lastKnownFileType = text.xcconfig; name = "Pods-MagicTheGathering.release (production).xcconfig"; path = "Target Support Files/Pods-MagicTheGathering/Pods-MagicTheGathering.release (production).xcconfig"; sourceTree = "<group>"; };
		FE18737FFE4AC11B8C46C736 /* Pods_MagicTheGathering.framework */ = {isa = PBXFileReference; explicitFileType = wrapper.framework; includeInIndex = 0; path = Pods_MagicTheGathering.framework; sourceTree = BUILT_PRODUCTS_DIR; };
/* End PBXFileReference section */

/* Begin PBXFrameworksBuildPhase section */
		60A008E825FD5EAE00A2941E /* Frameworks */ = {
			isa = PBXFrameworksBuildPhase;
			buildActionMask = 2147483647;
			files = (
				7B73BA6C97777621FBB439E9 /* Pods_MagicTheGathering.framework in Frameworks */,
			);
			runOnlyForDeploymentPostprocessing = 0;
		};
		60A008FE25FD5EB000A2941E /* Frameworks */ = {
			isa = PBXFrameworksBuildPhase;
			buildActionMask = 2147483647;
			files = (
				6C1B8284A67AC6B0597B385D /* Pods_MagicTheGatheringTests.framework in Frameworks */,
			);
			runOnlyForDeploymentPostprocessing = 0;
		};
/* End PBXFrameworksBuildPhase section */

/* Begin PBXGroup section */
		60238D6B2602B63400877DD2 /* Models */ = {
			isa = PBXGroup;
			children = (
				60238D6C2602B65000877DD2 /* Card.swift */,
			);
			path = Models;
			sourceTree = "<group>";
		};
		605D83A72603C674007CC436 /* Providers */ = {
			isa = PBXGroup;
			children = (
				605D83A92603C6DD007CC436 /* Network */,
			);
			path = Providers;
			sourceTree = "<group>";
		};
		605D83A92603C6DD007CC436 /* Network */ = {
			isa = PBXGroup;
			children = (
				605D83B52603CA84007CC436 /* BaseNetworkProvider.swift */,
				605D83AA2603C6E5007CC436 /* Gateways */,
				605D83B12603CA10007CC436 /* NetworkConstants.swift */,
			);
			path = Network;
			sourceTree = "<group>";
		};
		605D83AA2603C6E5007CC436 /* Gateways */ = {
			isa = PBXGroup;
			children = (
				605D83AB2603C71C007CC436 /* MagicNetworkProvider.swift */,
			);
			path = Gateways;
			sourceTree = "<group>";
		};
		60A008E225FD5EAE00A2941E = {
			isa = PBXGroup;
			children = (
				60A008ED25FD5EAE00A2941E /* MagicTheGathering */,
				60A0090425FD5EB000A2941E /* MagicTheGatheringTests */,
				60A008EC25FD5EAE00A2941E /* Products */,
				F6D5BA281F9FCC97E5EDD06E /* Pods */,
				E10397CA9FFD2B4778CBB79E /* Frameworks */,
			);
			sourceTree = "<group>";
		};
		60A008EC25FD5EAE00A2941E /* Products */ = {
			isa = PBXGroup;
			children = (
				60A008EB25FD5EAE00A2941E /* MagicTheGathering.app */,
				60A0090125FD5EB000A2941E /* MagicTheGatheringTests.xctest */,
			);
			name = Products;
			sourceTree = "<group>";
		};
		60A008ED25FD5EAE00A2941E /* MagicTheGathering */ = {
			isa = PBXGroup;
			children = (
				60A008EE25FD5EAE00A2941E /* AppDelegate.swift */,
				60A008F725FD5EAF00A2941E /* Assets.xcassets */,
				60F6FEB025FE9BF40081CCA3 /* Configuration */,
				60DC59672607D43E00CBA12A /* Extensions */,
				60A008F925FD5EAF00A2941E /* LaunchScreen.storyboard */,
				60A008F425FD5EAE00A2941E /* Main.storyboard */,
				60238D6B2602B63400877DD2 /* Models */,
				60DC59292607CE6200CBA12A /* Modules */,
				605D83A72603C674007CC436 /* Providers */,
				60A008F025FD5EAE00A2941E /* SceneDelegate.swift */,
				60A008F225FD5EAE00A2941E /* ViewController.swift */,
			);
			path = MagicTheGathering;
			sourceTree = "<group>";
		};
		60A0090425FD5EB000A2941E /* MagicTheGatheringTests */ = {
			isa = PBXGroup;
			children = (
				60A0090525FD5EB000A2941E /* MagicTheGatheringTests.swift */,
				60A0090725FD5EB000A2941E /* Info.plist */,
			);
			path = MagicTheGatheringTests;
			sourceTree = "<group>";
		};
		60DC59292607CE6200CBA12A /* Modules */ = {
			isa = PBXGroup;
			children = (
				60DC59402607CFCD00CBA12A /* BASE */,
				60DC592A2607CECF00CBA12A /* CardsList */,
			);
			path = Modules;
			sourceTree = "<group>";
		};
		60DC592A2607CECF00CBA12A /* CardsList */ = {
			isa = PBXGroup;
			children = (
				60DC592D2607CF2600CBA12A /* CardsListBuilder.swift */,
				60DC592B2607CF2600CBA12A /* CardsListContract.swift */,
				60DC59312607CF2600CBA12A /* CardsListEntity.swift */,
				60DC592E2607CF2600CBA12A /* CardsListInteractor.swift */,
				60DC592C2607CF2600CBA12A /* CardsListPresenter.swift */,
				60DC592F2607CF2600CBA12A /* CardsListView.swift */,
				60DC59322607CF2600CBA12A /* CardsListWireframe.swift */,
				60DC593F2607CF2F00CBA12A /* UI */,
			);
			path = CardsList;
			sourceTree = "<group>";
		};
		60DC593F2607CF2F00CBA12A /* UI */ = {
			isa = PBXGroup;
			children = (
				60DC59302607CF2600CBA12A /* CardsListView.xib */,
			);
			path = UI;
			sourceTree = "<group>";
		};
		60DC59402607CFCD00CBA12A /* BASE */ = {
			isa = PBXGroup;
			children = (
				60DC595C2607D06000CBA12A /* BaseEntity.swift */,
				60DC595B2607D06000CBA12A /* BaseInteractor.swift */,
				60DC59572607D05500CBA12A /* BasePresenter.swift */,
				60DC595E2607D06000CBA12A /* BaseViewController.swift */,
				60DC595D2607D06000CBA12A /* BaseWireframe.swift */,
			);
			path = BASE;
			sourceTree = "<group>";
		};
		60DC59672607D43E00CBA12A /* Extensions */ = {
			isa = PBXGroup;
			children = (
				60DC59682607D44D00CBA12A /* UIViewControllerExtension.swift */,
			);
			path = Extensions;
			sourceTree = "<group>";
		};
		60F6FEB025FE9BF40081CCA3 /* Configuration */ = {
			isa = PBXGroup;
			children = (
				60F6FEB125FE9C680081CCA3 /* Development.xcconfig */,
				60E6EFDB260003C900C884A8 /* Environment.swift */,
				60A008FC25FD5EAF00A2941E /* Info.plist */,
				60F6FEB225FE9CD00081CCA3 /* Production.xcconfig */,
			);
			path = Configuration;
			sourceTree = "<group>";
		};
		E10397CA9FFD2B4778CBB79E /* Frameworks */ = {
			isa = PBXGroup;
			children = (
				FE18737FFE4AC11B8C46C736 /* Pods_MagicTheGathering.framework */,
				5AD9189E817E2483D3414D07 /* Pods_MagicTheGatheringTests.framework */,
			);
			name = Frameworks;
			sourceTree = "<group>";
		};
		F6D5BA281F9FCC97E5EDD06E /* Pods */ = {
			isa = PBXGroup;
			children = (
				556C816AD00E53BA4F9F76CF /* Pods-MagicTheGathering.debug.xcconfig */,
				B9C1C0F5609E553E97E9EDD7 /* Pods-MagicTheGathering.release.xcconfig */,
				4A816390742070B113C601C7 /* Pods-MagicTheGatheringTests.debug.xcconfig */,
				413360A86AFA398A7089C43C /* Pods-MagicTheGatheringTests.release.xcconfig */,
				D958CC4969E0D81E7479BC73 /* Pods-MagicTheGathering.debug (development).xcconfig */,
				3B6C7650100463BDC67194FB /* Pods-MagicTheGathering.debug (production).xcconfig */,
				B2216D3DDF32DCE897A05234 /* Pods-MagicTheGathering.release (development).xcconfig */,
				FCA380BBF4563C86CD81ACBB /* Pods-MagicTheGathering.release (production).xcconfig */,
				491E62CAFD8083AB7182CD56 /* Pods-MagicTheGatheringTests.debug (development).xcconfig */,
				B0936617083295DD7F5764D6 /* Pods-MagicTheGatheringTests.debug (production).xcconfig */,
				4A3395ED4D37FFCE13AF91E9 /* Pods-MagicTheGatheringTests.release (development).xcconfig */,
				2989097F7F719AD40E4E6791 /* Pods-MagicTheGatheringTests.release (production).xcconfig */,
			);
			path = Pods;
			sourceTree = "<group>";
		};
/* End PBXGroup section */

/* Begin PBXNativeTarget section */
		60A008EA25FD5EAE00A2941E /* MagicTheGathering */ = {
			isa = PBXNativeTarget;
			buildConfigurationList = 60A0091525FD5EB000A2941E /* Build configuration list for PBXNativeTarget "MagicTheGathering" */;
			buildPhases = (
				440EBFE02E379716A90D0B96 /* [CP] Check Pods Manifest.lock */,
				60A008E725FD5EAE00A2941E /* Sources */,
				60A008E825FD5EAE00A2941E /* Frameworks */,
				60A008E925FD5EAE00A2941E /* Resources */,
				A68EDF7FC80B842F2A5FD68F /* [CP] Embed Pods Frameworks */,
				60F6FEAD25FE95820081CCA3 /* Run SwiftLint */,
			);
			buildRules = (
			);
			dependencies = (
			);
			name = MagicTheGathering;
			productName = "Magic: The Gathering";
			productReference = 60A008EB25FD5EAE00A2941E /* MagicTheGathering.app */;
			productType = "com.apple.product-type.application";
		};
		60A0090025FD5EB000A2941E /* MagicTheGatheringTests */ = {
			isa = PBXNativeTarget;
			buildConfigurationList = 60A0091825FD5EB000A2941E /* Build configuration list for PBXNativeTarget "MagicTheGatheringTests" */;
			buildPhases = (
				F67313AF6843EAD3D379ACBA /* [CP] Check Pods Manifest.lock */,
				60A008FD25FD5EB000A2941E /* Sources */,
				60A008FE25FD5EB000A2941E /* Frameworks */,
				60A008FF25FD5EB000A2941E /* Resources */,
			);
			buildRules = (
			);
			dependencies = (
				60A0090325FD5EB000A2941E /* PBXTargetDependency */,
			);
			name = MagicTheGatheringTests;
			productName = "Magic: The GatheringTests";
			productReference = 60A0090125FD5EB000A2941E /* MagicTheGatheringTests.xctest */;
			productType = "com.apple.product-type.bundle.unit-test";
		};
/* End PBXNativeTarget section */

/* Begin PBXProject section */
		60A008E325FD5EAE00A2941E /* Project object */ = {
			isa = PBXProject;
			attributes = {
				LastSwiftUpdateCheck = 1240;
				LastUpgradeCheck = 1240;
				TargetAttributes = {
					60A008EA25FD5EAE00A2941E = {
						CreatedOnToolsVersion = 12.4;
					};
					60A0090025FD5EB000A2941E = {
						CreatedOnToolsVersion = 12.4;
						TestTargetID = 60A008EA25FD5EAE00A2941E;
					};
				};
			};
			buildConfigurationList = 60A008E625FD5EAE00A2941E /* Build configuration list for PBXProject "MagicTheGathering" */;
			compatibilityVersion = "Xcode 9.3";
			developmentRegion = en;
			hasScannedForEncodings = 0;
			knownRegions = (
				en,
				Base,
			);
			mainGroup = 60A008E225FD5EAE00A2941E;
			productRefGroup = 60A008EC25FD5EAE00A2941E /* Products */;
			projectDirPath = "";
			projectRoot = "";
			targets = (
				60A008EA25FD5EAE00A2941E /* MagicTheGathering */,
				60A0090025FD5EB000A2941E /* MagicTheGatheringTests */,
			);
		};
/* End PBXProject section */

/* Begin PBXResourcesBuildPhase section */
		60A008E925FD5EAE00A2941E /* Resources */ = {
			isa = PBXResourcesBuildPhase;
			buildActionMask = 2147483647;
			files = (
				60A008FB25FD5EAF00A2941E /* LaunchScreen.storyboard in Resources */,
				60A008F825FD5EAF00A2941E /* Assets.xcassets in Resources */,
				60DC59382607CF2600CBA12A /* CardsListView.xib in Resources */,
				60A008F625FD5EAE00A2941E /* Main.storyboard in Resources */,
			);
			runOnlyForDeploymentPostprocessing = 0;
		};
		60A008FF25FD5EB000A2941E /* Resources */ = {
			isa = PBXResourcesBuildPhase;
			buildActionMask = 2147483647;
			files = (
			);
			runOnlyForDeploymentPostprocessing = 0;
		};
/* End PBXResourcesBuildPhase section */

/* Begin PBXShellScriptBuildPhase section */
		440EBFE02E379716A90D0B96 /* [CP] Check Pods Manifest.lock */ = {
			isa = PBXShellScriptBuildPhase;
			buildActionMask = 2147483647;
			files = (
			);
			inputFileListPaths = (
			);
			inputPaths = (
				"${PODS_PODFILE_DIR_PATH}/Podfile.lock",
				"${PODS_ROOT}/Manifest.lock",
			);
			name = "[CP] Check Pods Manifest.lock";
			outputFileListPaths = (
			);
			outputPaths = (
				"$(DERIVED_FILE_DIR)/Pods-MagicTheGathering-checkManifestLockResult.txt",
			);
			runOnlyForDeploymentPostprocessing = 0;
			shellPath = /bin/sh;
			shellScript = "diff \"${PODS_PODFILE_DIR_PATH}/Podfile.lock\" \"${PODS_ROOT}/Manifest.lock\" > /dev/null\nif [ $? != 0 ] ; then\n    # print error to STDERR\n    echo \"error: The sandbox is not in sync with the Podfile.lock. Run 'pod install' or update your CocoaPods installation.\" >&2\n    exit 1\nfi\n# This output is used by Xcode 'outputs' to avoid re-running this script phase.\necho \"SUCCESS\" > \"${SCRIPT_OUTPUT_FILE_0}\"\n";
			showEnvVarsInLog = 0;
		};
		60F6FEAD25FE95820081CCA3 /* Run SwiftLint */ = {
			isa = PBXShellScriptBuildPhase;
			buildActionMask = 2147483647;
			files = (
			);
			inputFileListPaths = (
			);
			inputPaths = (
			);
			name = "Run SwiftLint";
			outputFileListPaths = (
			);
			outputPaths = (
			);
			runOnlyForDeploymentPostprocessing = 0;
			shellPath = /bin/sh;
			shellScript = "if which swiftlint >/dev/null; then\n  swiftlint\nelse\n  echo \"warning: SwiftLint not installed, download from https://github.com/realm/SwiftLint\"\nfi\n";
		};
		A68EDF7FC80B842F2A5FD68F /* [CP] Embed Pods Frameworks */ = {
			isa = PBXShellScriptBuildPhase;
			buildActionMask = 2147483647;
			files = (
			);
			inputFileListPaths = (
				"${PODS_ROOT}/Target Support Files/Pods-MagicTheGathering/Pods-MagicTheGathering-frameworks-${CONFIGURATION}-input-files.xcfilelist",
			);
			name = "[CP] Embed Pods Frameworks";
			outputFileListPaths = (
				"${PODS_ROOT}/Target Support Files/Pods-MagicTheGathering/Pods-MagicTheGathering-frameworks-${CONFIGURATION}-output-files.xcfilelist",
			);
			runOnlyForDeploymentPostprocessing = 0;
			shellPath = /bin/sh;
			shellScript = "\"${PODS_ROOT}/Target Support Files/Pods-MagicTheGathering/Pods-MagicTheGathering-frameworks.sh\"\n";
			showEnvVarsInLog = 0;
		};
		F67313AF6843EAD3D379ACBA /* [CP] Check Pods Manifest.lock */ = {
			isa = PBXShellScriptBuildPhase;
			buildActionMask = 2147483647;
			files = (
			);
			inputFileListPaths = (
			);
			inputPaths = (
				"${PODS_PODFILE_DIR_PATH}/Podfile.lock",
				"${PODS_ROOT}/Manifest.lock",
			);
			name = "[CP] Check Pods Manifest.lock";
			outputFileListPaths = (
			);
			outputPaths = (
				"$(DERIVED_FILE_DIR)/Pods-MagicTheGatheringTests-checkManifestLockResult.txt",
			);
			runOnlyForDeploymentPostprocessing = 0;
			shellPath = /bin/sh;
			shellScript = "diff \"${PODS_PODFILE_DIR_PATH}/Podfile.lock\" \"${PODS_ROOT}/Manifest.lock\" > /dev/null\nif [ $? != 0 ] ; then\n    # print error to STDERR\n    echo \"error: The sandbox is not in sync with the Podfile.lock. Run 'pod install' or update your CocoaPods installation.\" >&2\n    exit 1\nfi\n# This output is used by Xcode 'outputs' to avoid re-running this script phase.\necho \"SUCCESS\" > \"${SCRIPT_OUTPUT_FILE_0}\"\n";
			showEnvVarsInLog = 0;
		};
/* End PBXShellScriptBuildPhase section */

/* Begin PBXSourcesBuildPhase section */
		60A008E725FD5EAE00A2941E /* Sources */ = {
			isa = PBXSourcesBuildPhase;
			buildActionMask = 2147483647;
			files = (
				60DC59342607CF2600CBA12A /* CardsListPresenter.swift in Sources */,
				60DC59602607D06000CBA12A /* BaseEntity.swift in Sources */,
				60DC59582607D05500CBA12A /* BasePresenter.swift in Sources */,
				605D83B22603CA10007CC436 /* NetworkConstants.swift in Sources */,
				60DC59352607CF2600CBA12A /* CardsListBuilder.swift in Sources */,
				60DC59692607D44D00CBA12A /* UIViewControllerExtension.swift in Sources */,
				60DC59622607D06000CBA12A /* BaseViewController.swift in Sources */,
				60A008F325FD5EAE00A2941E /* ViewController.swift in Sources */,
				60DC59362607CF2600CBA12A /* CardsListInteractor.swift in Sources */,
				60E6EFDC260003C900C884A8 /* Environment.swift in Sources */,
				60DC593A2607CF2600CBA12A /* CardsListWireframe.swift in Sources */,
				60238D6D2602B65000877DD2 /* Card.swift in Sources */,
				605D83B62603CA84007CC436 /* BaseNetworkProvider.swift in Sources */,
				605D83AC2603C71C007CC436 /* MagicNetworkProvider.swift in Sources */,
				60A008EF25FD5EAE00A2941E /* AppDelegate.swift in Sources */,
				60DC59372607CF2600CBA12A /* CardsListView.swift in Sources */,
				60A008F125FD5EAE00A2941E /* SceneDelegate.swift in Sources */,
				60DC59612607D06000CBA12A /* BaseWireframe.swift in Sources */,
				60DC59392607CF2600CBA12A /* CardsListEntity.swift in Sources */,
				60DC595F2607D06000CBA12A /* BaseInteractor.swift in Sources */,
				60DC59332607CF2600CBA12A /* CardsListContract.swift in Sources */,
			);
			runOnlyForDeploymentPostprocessing = 0;
		};
		60A008FD25FD5EB000A2941E /* Sources */ = {
			isa = PBXSourcesBuildPhase;
			buildActionMask = 2147483647;
			files = (
				60A0090625FD5EB000A2941E /* MagicTheGatheringTests.swift in Sources */,
			);
			runOnlyForDeploymentPostprocessing = 0;
		};
/* End PBXSourcesBuildPhase section */

/* Begin PBXTargetDependency section */
		60A0090325FD5EB000A2941E /* PBXTargetDependency */ = {
			isa = PBXTargetDependency;
			target = 60A008EA25FD5EAE00A2941E /* MagicTheGathering */;
			targetProxy = 60A0090225FD5EB000A2941E /* PBXContainerItemProxy */;
		};
/* End PBXTargetDependency section */

/* Begin PBXVariantGroup section */
		60A008F425FD5EAE00A2941E /* Main.storyboard */ = {
			isa = PBXVariantGroup;
			children = (
				60A008F525FD5EAE00A2941E /* Base */,
			);
			name = Main.storyboard;
			sourceTree = "<group>";
		};
		60A008F925FD5EAF00A2941E /* LaunchScreen.storyboard */ = {
			isa = PBXVariantGroup;
			children = (
				60A008FA25FD5EAF00A2941E /* Base */,
			);
			name = LaunchScreen.storyboard;
			sourceTree = "<group>";
		};
/* End PBXVariantGroup section */

/* Begin XCBuildConfiguration section */
		60A0091325FD5EB000A2941E /* Debug (development) */ = {
			isa = XCBuildConfiguration;
			baseConfigurationReference = 60F6FEB125FE9C680081CCA3 /* Development.xcconfig */;
			buildSettings = {
				ALWAYS_SEARCH_USER_PATHS = NO;
				CLANG_ANALYZER_NONNULL = YES;
				CLANG_ANALYZER_NUMBER_OBJECT_CONVERSION = YES_AGGRESSIVE;
				CLANG_CXX_LANGUAGE_STANDARD = "gnu++14";
				CLANG_CXX_LIBRARY = "libc++";
				CLANG_ENABLE_MODULES = YES;
				CLANG_ENABLE_OBJC_ARC = YES;
				CLANG_ENABLE_OBJC_WEAK = YES;
				CLANG_WARN_BLOCK_CAPTURE_AUTORELEASING = YES;
				CLANG_WARN_BOOL_CONVERSION = YES;
				CLANG_WARN_COMMA = YES;
				CLANG_WARN_CONSTANT_CONVERSION = YES;
				CLANG_WARN_DEPRECATED_OBJC_IMPLEMENTATIONS = YES;
				CLANG_WARN_DIRECT_OBJC_ISA_USAGE = YES_ERROR;
				CLANG_WARN_DOCUMENTATION_COMMENTS = YES;
				CLANG_WARN_EMPTY_BODY = YES;
				CLANG_WARN_ENUM_CONVERSION = YES;
				CLANG_WARN_INFINITE_RECURSION = YES;
				CLANG_WARN_INT_CONVERSION = YES;
				CLANG_WARN_NON_LITERAL_NULL_CONVERSION = YES;
				CLANG_WARN_OBJC_IMPLICIT_RETAIN_SELF = YES;
				CLANG_WARN_OBJC_LITERAL_CONVERSION = YES;
				CLANG_WARN_OBJC_ROOT_CLASS = YES_ERROR;
				CLANG_WARN_QUOTED_INCLUDE_IN_FRAMEWORK_HEADER = YES;
				CLANG_WARN_RANGE_LOOP_ANALYSIS = YES;
				CLANG_WARN_STRICT_PROTOTYPES = YES;
				CLANG_WARN_SUSPICIOUS_MOVE = YES;
				CLANG_WARN_UNGUARDED_AVAILABILITY = YES_AGGRESSIVE;
				CLANG_WARN_UNREACHABLE_CODE = YES;
				CLANG_WARN__DUPLICATE_METHOD_MATCH = YES;
				COPY_PHASE_STRIP = NO;
				DEBUG_INFORMATION_FORMAT = dwarf;
				ENABLE_STRICT_OBJC_MSGSEND = YES;
				ENABLE_TESTABILITY = YES;
				GCC_C_LANGUAGE_STANDARD = gnu11;
				GCC_DYNAMIC_NO_PIC = NO;
				GCC_NO_COMMON_BLOCKS = YES;
				GCC_OPTIMIZATION_LEVEL = 0;
				GCC_PREPROCESSOR_DEFINITIONS = (
					"DEBUG=1",
					"$(inherited)",
				);
				GCC_WARN_64_TO_32_BIT_CONVERSION = YES;
				GCC_WARN_ABOUT_RETURN_TYPE = YES_ERROR;
				GCC_WARN_UNDECLARED_SELECTOR = YES;
				GCC_WARN_UNINITIALIZED_AUTOS = YES_AGGRESSIVE;
				GCC_WARN_UNUSED_FUNCTION = YES;
				GCC_WARN_UNUSED_VARIABLE = YES;
				IPHONEOS_DEPLOYMENT_TARGET = 14.4;
				MTL_ENABLE_DEBUG_INFO = INCLUDE_SOURCE;
				MTL_FAST_MATH = YES;
				ONLY_ACTIVE_ARCH = YES;
				SDKROOT = iphoneos;
				SWIFT_ACTIVE_COMPILATION_CONDITIONS = DEBUG;
				SWIFT_OPTIMIZATION_LEVEL = "-Onone";
			};
			name = "Debug (development)";
		};
		60A0091425FD5EB000A2941E /* Release (development) */ = {
			isa = XCBuildConfiguration;
			baseConfigurationReference = 60F6FEB125FE9C680081CCA3 /* Development.xcconfig */;
			buildSettings = {
				ALWAYS_SEARCH_USER_PATHS = NO;
				CLANG_ANALYZER_NONNULL = YES;
				CLANG_ANALYZER_NUMBER_OBJECT_CONVERSION = YES_AGGRESSIVE;
				CLANG_CXX_LANGUAGE_STANDARD = "gnu++14";
				CLANG_CXX_LIBRARY = "libc++";
				CLANG_ENABLE_MODULES = YES;
				CLANG_ENABLE_OBJC_ARC = YES;
				CLANG_ENABLE_OBJC_WEAK = YES;
				CLANG_WARN_BLOCK_CAPTURE_AUTORELEASING = YES;
				CLANG_WARN_BOOL_CONVERSION = YES;
				CLANG_WARN_COMMA = YES;
				CLANG_WARN_CONSTANT_CONVERSION = YES;
				CLANG_WARN_DEPRECATED_OBJC_IMPLEMENTATIONS = YES;
				CLANG_WARN_DIRECT_OBJC_ISA_USAGE = YES_ERROR;
				CLANG_WARN_DOCUMENTATION_COMMENTS = YES;
				CLANG_WARN_EMPTY_BODY = YES;
				CLANG_WARN_ENUM_CONVERSION = YES;
				CLANG_WARN_INFINITE_RECURSION = YES;
				CLANG_WARN_INT_CONVERSION = YES;
				CLANG_WARN_NON_LITERAL_NULL_CONVERSION = YES;
				CLANG_WARN_OBJC_IMPLICIT_RETAIN_SELF = YES;
				CLANG_WARN_OBJC_LITERAL_CONVERSION = YES;
				CLANG_WARN_OBJC_ROOT_CLASS = YES_ERROR;
				CLANG_WARN_QUOTED_INCLUDE_IN_FRAMEWORK_HEADER = YES;
				CLANG_WARN_RANGE_LOOP_ANALYSIS = YES;
				CLANG_WARN_STRICT_PROTOTYPES = YES;
				CLANG_WARN_SUSPICIOUS_MOVE = YES;
				CLANG_WARN_UNGUARDED_AVAILABILITY = YES_AGGRESSIVE;
				CLANG_WARN_UNREACHABLE_CODE = YES;
				CLANG_WARN__DUPLICATE_METHOD_MATCH = YES;
				COPY_PHASE_STRIP = NO;
				DEBUG_INFORMATION_FORMAT = "dwarf-with-dsym";
				ENABLE_NS_ASSERTIONS = NO;
				ENABLE_STRICT_OBJC_MSGSEND = YES;
				GCC_C_LANGUAGE_STANDARD = gnu11;
				GCC_NO_COMMON_BLOCKS = YES;
				GCC_WARN_64_TO_32_BIT_CONVERSION = YES;
				GCC_WARN_ABOUT_RETURN_TYPE = YES_ERROR;
				GCC_WARN_UNDECLARED_SELECTOR = YES;
				GCC_WARN_UNINITIALIZED_AUTOS = YES_AGGRESSIVE;
				GCC_WARN_UNUSED_FUNCTION = YES;
				GCC_WARN_UNUSED_VARIABLE = YES;
				IPHONEOS_DEPLOYMENT_TARGET = 14.4;
				MTL_ENABLE_DEBUG_INFO = NO;
				MTL_FAST_MATH = YES;
				SDKROOT = iphoneos;
				SWIFT_COMPILATION_MODE = wholemodule;
				SWIFT_OPTIMIZATION_LEVEL = "-O";
				VALIDATE_PRODUCT = YES;
			};
			name = "Release (development)";
		};
		60A0091625FD5EB000A2941E /* Debug (development) */ = {
			isa = XCBuildConfiguration;
			baseConfigurationReference = 60F6FEB125FE9C680081CCA3 /* Development.xcconfig */;
			buildSettings = {
				ASSETCATALOG_COMPILER_APPICON_NAME = AppIcon;
				ASSETCATALOG_COMPILER_GLOBAL_ACCENT_COLOR_NAME = AccentColor;
				CODE_SIGN_STYLE = Automatic;
				DEVELOPMENT_TEAM = PC3UNKQX6F;
				INFOPLIST_FILE = MagicTheGathering/Configuration/Info.plist;
				LD_RUNPATH_SEARCH_PATHS = (
					"$(inherited)",
					"@executable_path/Frameworks",
				);
				PRODUCT_BUNDLE_IDENTIFIER = io.tolosana.MagicTheGathering.dev;
				PRODUCT_NAME = "$(TARGET_NAME)";
				SWIFT_VERSION = 5.0;
				TARGETED_DEVICE_FAMILY = "1,2";
			};
			name = "Debug (development)";
		};
		60A0091725FD5EB000A2941E /* Release (development) */ = {
			isa = XCBuildConfiguration;
			baseConfigurationReference = 60F6FEB125FE9C680081CCA3 /* Development.xcconfig */;
			buildSettings = {
				ASSETCATALOG_COMPILER_APPICON_NAME = AppIcon;
				ASSETCATALOG_COMPILER_GLOBAL_ACCENT_COLOR_NAME = AccentColor;
				CODE_SIGN_STYLE = Automatic;
				DEVELOPMENT_TEAM = PC3UNKQX6F;
				INFOPLIST_FILE = MagicTheGathering/Configuration/Info.plist;
				LD_RUNPATH_SEARCH_PATHS = (
					"$(inherited)",
					"@executable_path/Frameworks",
				);
				PRODUCT_BUNDLE_IDENTIFIER = io.tolosana.MagicTheGathering.dev;
				PRODUCT_NAME = "$(TARGET_NAME)";
				SWIFT_VERSION = 5.0;
				TARGETED_DEVICE_FAMILY = "1,2";
			};
			name = "Release (development)";
		};
		60A0091925FD5EB000A2941E /* Debug (development) */ = {
			isa = XCBuildConfiguration;
			baseConfigurationReference = 60F6FEB125FE9C680081CCA3 /* Development.xcconfig */;
			buildSettings = {
				ALWAYS_EMBED_SWIFT_STANDARD_LIBRARIES = YES;
				BUNDLE_LOADER = "$(TEST_HOST)";
				CODE_SIGN_STYLE = Automatic;
				DEVELOPMENT_TEAM = PC3UNKQX6F;
				INFOPLIST_FILE = MagicTheGatheringTests/Info.plist;
				IPHONEOS_DEPLOYMENT_TARGET = 14.4;
				LD_RUNPATH_SEARCH_PATHS = (
					"$(inherited)",
					"@executable_path/Frameworks",
					"@loader_path/Frameworks",
				);
				PRODUCT_BUNDLE_IDENTIFIER = io.tolosana.MagicTheGatheringTests;
				PRODUCT_NAME = "$(TARGET_NAME)";
				SWIFT_VERSION = 5.0;
				TARGETED_DEVICE_FAMILY = "1,2";
				TEST_HOST = "$(BUILT_PRODUCTS_DIR)/MagicTheGathering.app/MagicTheGathering";
			};
			name = "Debug (development)";
		};
		60A0091A25FD5EB000A2941E /* Release (development) */ = {
			isa = XCBuildConfiguration;
			baseConfigurationReference = 60F6FEB125FE9C680081CCA3 /* Development.xcconfig */;
			buildSettings = {
				ALWAYS_EMBED_SWIFT_STANDARD_LIBRARIES = YES;
				BUNDLE_LOADER = "$(TEST_HOST)";
				CODE_SIGN_STYLE = Automatic;
				DEVELOPMENT_TEAM = PC3UNKQX6F;
				INFOPLIST_FILE = MagicTheGatheringTests/Info.plist;
				IPHONEOS_DEPLOYMENT_TARGET = 14.4;
				LD_RUNPATH_SEARCH_PATHS = (
					"$(inherited)",
					"@executable_path/Frameworks",
					"@loader_path/Frameworks",
				);
				PRODUCT_BUNDLE_IDENTIFIER = io.tolosana.MagicTheGatheringTests;
				PRODUCT_NAME = "$(TARGET_NAME)";
				SWIFT_VERSION = 5.0;
				TARGETED_DEVICE_FAMILY = "1,2";
				TEST_HOST = "$(BUILT_PRODUCTS_DIR)/MagicTheGathering.app/MagicTheGathering";
			};
			name = "Release (development)";
		};
		60F6FEB725FE9DB10081CCA3 /* Debug (production) */ = {
			isa = XCBuildConfiguration;
			baseConfigurationReference = 60F6FEB225FE9CD00081CCA3 /* Production.xcconfig */;
			buildSettings = {
				ALWAYS_SEARCH_USER_PATHS = NO;
				CLANG_ANALYZER_NONNULL = YES;
				CLANG_ANALYZER_NUMBER_OBJECT_CONVERSION = YES_AGGRESSIVE;
				CLANG_CXX_LANGUAGE_STANDARD = "gnu++14";
				CLANG_CXX_LIBRARY = "libc++";
				CLANG_ENABLE_MODULES = YES;
				CLANG_ENABLE_OBJC_ARC = YES;
				CLANG_ENABLE_OBJC_WEAK = YES;
				CLANG_WARN_BLOCK_CAPTURE_AUTORELEASING = YES;
				CLANG_WARN_BOOL_CONVERSION = YES;
				CLANG_WARN_COMMA = YES;
				CLANG_WARN_CONSTANT_CONVERSION = YES;
				CLANG_WARN_DEPRECATED_OBJC_IMPLEMENTATIONS = YES;
				CLANG_WARN_DIRECT_OBJC_ISA_USAGE = YES_ERROR;
				CLANG_WARN_DOCUMENTATION_COMMENTS = YES;
				CLANG_WARN_EMPTY_BODY = YES;
				CLANG_WARN_ENUM_CONVERSION = YES;
				CLANG_WARN_INFINITE_RECURSION = YES;
				CLANG_WARN_INT_CONVERSION = YES;
				CLANG_WARN_NON_LITERAL_NULL_CONVERSION = YES;
				CLANG_WARN_OBJC_IMPLICIT_RETAIN_SELF = YES;
				CLANG_WARN_OBJC_LITERAL_CONVERSION = YES;
				CLANG_WARN_OBJC_ROOT_CLASS = YES_ERROR;
				CLANG_WARN_QUOTED_INCLUDE_IN_FRAMEWORK_HEADER = YES;
				CLANG_WARN_RANGE_LOOP_ANALYSIS = YES;
				CLANG_WARN_STRICT_PROTOTYPES = YES;
				CLANG_WARN_SUSPICIOUS_MOVE = YES;
				CLANG_WARN_UNGUARDED_AVAILABILITY = YES_AGGRESSIVE;
				CLANG_WARN_UNREACHABLE_CODE = YES;
				CLANG_WARN__DUPLICATE_METHOD_MATCH = YES;
				COPY_PHASE_STRIP = NO;
				DEBUG_INFORMATION_FORMAT = dwarf;
				ENABLE_STRICT_OBJC_MSGSEND = YES;
				ENABLE_TESTABILITY = YES;
				GCC_C_LANGUAGE_STANDARD = gnu11;
				GCC_DYNAMIC_NO_PIC = NO;
				GCC_NO_COMMON_BLOCKS = YES;
				GCC_OPTIMIZATION_LEVEL = 0;
				GCC_PREPROCESSOR_DEFINITIONS = (
					"DEBUG=1",
					"$(inherited)",
				);
				GCC_WARN_64_TO_32_BIT_CONVERSION = YES;
				GCC_WARN_ABOUT_RETURN_TYPE = YES_ERROR;
				GCC_WARN_UNDECLARED_SELECTOR = YES;
				GCC_WARN_UNINITIALIZED_AUTOS = YES_AGGRESSIVE;
				GCC_WARN_UNUSED_FUNCTION = YES;
				GCC_WARN_UNUSED_VARIABLE = YES;
				IPHONEOS_DEPLOYMENT_TARGET = 14.4;
				MTL_ENABLE_DEBUG_INFO = INCLUDE_SOURCE;
				MTL_FAST_MATH = YES;
				ONLY_ACTIVE_ARCH = YES;
				SDKROOT = iphoneos;
				SWIFT_ACTIVE_COMPILATION_CONDITIONS = DEBUG;
				SWIFT_OPTIMIZATION_LEVEL = "-Onone";
			};
			name = "Debug (production)";
		};
		60F6FEB825FE9DB10081CCA3 /* Debug (production) */ = {
			isa = XCBuildConfiguration;
			baseConfigurationReference = 60F6FEB225FE9CD00081CCA3 /* Production.xcconfig */;
			buildSettings = {
				ASSETCATALOG_COMPILER_APPICON_NAME = AppIcon;
				ASSETCATALOG_COMPILER_GLOBAL_ACCENT_COLOR_NAME = AccentColor;
				CODE_SIGN_STYLE = Automatic;
				DEVELOPMENT_TEAM = PC3UNKQX6F;
				INFOPLIST_FILE = MagicTheGathering/Configuration/Info.plist;
				LD_RUNPATH_SEARCH_PATHS = (
					"$(inherited)",
					"@executable_path/Frameworks",
				);
				PRODUCT_BUNDLE_IDENTIFIER = io.tolosana.MagicTheGathering.pro;
				PRODUCT_NAME = "$(TARGET_NAME)";
				SWIFT_VERSION = 5.0;
				TARGETED_DEVICE_FAMILY = "1,2";
			};
			name = "Debug (production)";
		};
		60F6FEB925FE9DB10081CCA3 /* Debug (production) */ = {
			isa = XCBuildConfiguration;
			baseConfigurationReference = 60F6FEB225FE9CD00081CCA3 /* Production.xcconfig */;
			buildSettings = {
				ALWAYS_EMBED_SWIFT_STANDARD_LIBRARIES = YES;
				BUNDLE_LOADER = "$(TEST_HOST)";
				CODE_SIGN_STYLE = Automatic;
				DEVELOPMENT_TEAM = PC3UNKQX6F;
				INFOPLIST_FILE = MagicTheGatheringTests/Info.plist;
				IPHONEOS_DEPLOYMENT_TARGET = 14.4;
				LD_RUNPATH_SEARCH_PATHS = (
					"$(inherited)",
					"@executable_path/Frameworks",
					"@loader_path/Frameworks",
				);
				PRODUCT_BUNDLE_IDENTIFIER = io.tolosana.MagicTheGatheringTests;
				PRODUCT_NAME = "$(TARGET_NAME)";
				SWIFT_VERSION = 5.0;
				TARGETED_DEVICE_FAMILY = "1,2";
				TEST_HOST = "$(BUILT_PRODUCTS_DIR)/MagicTheGathering.app/MagicTheGathering";
			};
			name = "Debug (production)";
		};
		60F6FEC825FE9E5D0081CCA3 /* Release (production) */ = {
			isa = XCBuildConfiguration;
			baseConfigurationReference = 60F6FEB225FE9CD00081CCA3 /* Production.xcconfig */;
			buildSettings = {
				ALWAYS_SEARCH_USER_PATHS = NO;
				CLANG_ANALYZER_NONNULL = YES;
				CLANG_ANALYZER_NUMBER_OBJECT_CONVERSION = YES_AGGRESSIVE;
				CLANG_CXX_LANGUAGE_STANDARD = "gnu++14";
				CLANG_CXX_LIBRARY = "libc++";
				CLANG_ENABLE_MODULES = YES;
				CLANG_ENABLE_OBJC_ARC = YES;
				CLANG_ENABLE_OBJC_WEAK = YES;
				CLANG_WARN_BLOCK_CAPTURE_AUTORELEASING = YES;
				CLANG_WARN_BOOL_CONVERSION = YES;
				CLANG_WARN_COMMA = YES;
				CLANG_WARN_CONSTANT_CONVERSION = YES;
				CLANG_WARN_DEPRECATED_OBJC_IMPLEMENTATIONS = YES;
				CLANG_WARN_DIRECT_OBJC_ISA_USAGE = YES_ERROR;
				CLANG_WARN_DOCUMENTATION_COMMENTS = YES;
				CLANG_WARN_EMPTY_BODY = YES;
				CLANG_WARN_ENUM_CONVERSION = YES;
				CLANG_WARN_INFINITE_RECURSION = YES;
				CLANG_WARN_INT_CONVERSION = YES;
				CLANG_WARN_NON_LITERAL_NULL_CONVERSION = YES;
				CLANG_WARN_OBJC_IMPLICIT_RETAIN_SELF = YES;
				CLANG_WARN_OBJC_LITERAL_CONVERSION = YES;
				CLANG_WARN_OBJC_ROOT_CLASS = YES_ERROR;
				CLANG_WARN_QUOTED_INCLUDE_IN_FRAMEWORK_HEADER = YES;
				CLANG_WARN_RANGE_LOOP_ANALYSIS = YES;
				CLANG_WARN_STRICT_PROTOTYPES = YES;
				CLANG_WARN_SUSPICIOUS_MOVE = YES;
				CLANG_WARN_UNGUARDED_AVAILABILITY = YES_AGGRESSIVE;
				CLANG_WARN_UNREACHABLE_CODE = YES;
				CLANG_WARN__DUPLICATE_METHOD_MATCH = YES;
				COPY_PHASE_STRIP = NO;
				DEBUG_INFORMATION_FORMAT = "dwarf-with-dsym";
				ENABLE_NS_ASSERTIONS = NO;
				ENABLE_STRICT_OBJC_MSGSEND = YES;
				GCC_C_LANGUAGE_STANDARD = gnu11;
				GCC_NO_COMMON_BLOCKS = YES;
				GCC_WARN_64_TO_32_BIT_CONVERSION = YES;
				GCC_WARN_ABOUT_RETURN_TYPE = YES_ERROR;
				GCC_WARN_UNDECLARED_SELECTOR = YES;
				GCC_WARN_UNINITIALIZED_AUTOS = YES_AGGRESSIVE;
				GCC_WARN_UNUSED_FUNCTION = YES;
				GCC_WARN_UNUSED_VARIABLE = YES;
				IPHONEOS_DEPLOYMENT_TARGET = 14.4;
				MTL_ENABLE_DEBUG_INFO = NO;
				MTL_FAST_MATH = YES;
				SDKROOT = iphoneos;
				SWIFT_COMPILATION_MODE = wholemodule;
				SWIFT_OPTIMIZATION_LEVEL = "-O";
				VALIDATE_PRODUCT = YES;
			};
			name = "Release (production)";
		};
		60F6FEC925FE9E5D0081CCA3 /* Release (production) */ = {
			isa = XCBuildConfiguration;
			baseConfigurationReference = 60F6FEB225FE9CD00081CCA3 /* Production.xcconfig */;
			buildSettings = {
				ASSETCATALOG_COMPILER_APPICON_NAME = AppIcon;
				ASSETCATALOG_COMPILER_GLOBAL_ACCENT_COLOR_NAME = AccentColor;
				CODE_SIGN_STYLE = Automatic;
				DEVELOPMENT_TEAM = PC3UNKQX6F;
				INFOPLIST_FILE = MagicTheGathering/Configuration/Info.plist;
				LD_RUNPATH_SEARCH_PATHS = (
					"$(inherited)",
					"@executable_path/Frameworks",
				);
				PRODUCT_BUNDLE_IDENTIFIER = io.tolosana.MagicTheGathering.pro;
				PRODUCT_NAME = "$(TARGET_NAME)";
				SWIFT_VERSION = 5.0;
				TARGETED_DEVICE_FAMILY = "1,2";
			};
			name = "Release (production)";
		};
		60F6FECA25FE9E5D0081CCA3 /* Release (production) */ = {
			isa = XCBuildConfiguration;
			baseConfigurationReference = 60F6FEB225FE9CD00081CCA3 /* Production.xcconfig */;
			buildSettings = {
				ALWAYS_EMBED_SWIFT_STANDARD_LIBRARIES = YES;
				BUNDLE_LOADER = "$(TEST_HOST)";
				CODE_SIGN_STYLE = Automatic;
				DEVELOPMENT_TEAM = PC3UNKQX6F;
				INFOPLIST_FILE = MagicTheGatheringTests/Info.plist;
				IPHONEOS_DEPLOYMENT_TARGET = 14.4;
				LD_RUNPATH_SEARCH_PATHS = (
					"$(inherited)",
					"@executable_path/Frameworks",
					"@loader_path/Frameworks",
				);
				PRODUCT_BUNDLE_IDENTIFIER = io.tolosana.MagicTheGatheringTests;
				PRODUCT_NAME = "$(TARGET_NAME)";
				SWIFT_VERSION = 5.0;
				TARGETED_DEVICE_FAMILY = "1,2";
				TEST_HOST = "$(BUILT_PRODUCTS_DIR)/MagicTheGathering.app/MagicTheGathering";
			};
			name = "Release (production)";
		};
/* End XCBuildConfiguration section */

/* Begin XCConfigurationList section */
		60A008E625FD5EAE00A2941E /* Build configuration list for PBXProject "MagicTheGathering" */ = {
			isa = XCConfigurationList;
			buildConfigurations = (
				60A0091325FD5EB000A2941E /* Debug (development) */,
				60F6FEB725FE9DB10081CCA3 /* Debug (production) */,
				60A0091425FD5EB000A2941E /* Release (development) */,
				60F6FEC825FE9E5D0081CCA3 /* Release (production) */,
			);
			defaultConfigurationIsVisible = 0;
			defaultConfigurationName = "Release (development)";
		};
		60A0091525FD5EB000A2941E /* Build configuration list for PBXNativeTarget "MagicTheGathering" */ = {
			isa = XCConfigurationList;
			buildConfigurations = (
				60A0091625FD5EB000A2941E /* Debug (development) */,
				60F6FEB825FE9DB10081CCA3 /* Debug (production) */,
				60A0091725FD5EB000A2941E /* Release (development) */,
				60F6FEC925FE9E5D0081CCA3 /* Release (production) */,
			);
			defaultConfigurationIsVisible = 0;
			defaultConfigurationName = "Release (development)";
		};
		60A0091825FD5EB000A2941E /* Build configuration list for PBXNativeTarget "MagicTheGatheringTests" */ = {
			isa = XCConfigurationList;
			buildConfigurations = (
				60A0091925FD5EB000A2941E /* Debug (development) */,
				60F6FEB925FE9DB10081CCA3 /* Debug (production) */,
				60A0091A25FD5EB000A2941E /* Release (development) */,
				60F6FECA25FE9E5D0081CCA3 /* Release (production) */,
			);
			defaultConfigurationIsVisible = 0;
			defaultConfigurationName = "Release (development)";
		};
/* End XCConfigurationList section */
	};
	rootObject = 60A008E325FD5EAE00A2941E /* Project object */;
}
